// !$*UTF8*$!
{
	archiveVersion = 1;
	classes = {
	};
	objectVersion = 48;
	objects = {

/* Begin PBXBuildFile section */
		85F0C8182042096900FD5602 /* AppDelegate.swift in Sources */ = {isa = PBXBuildFile; fileRef = 85F0C8172042096900FD5602 /* AppDelegate.swift */; };
		85F0C81D2042096900FD5602 /* Main.storyboard in Resources */ = {isa = PBXBuildFile; fileRef = 85F0C81B2042096900FD5602 /* Main.storyboard */; };
		85F0C8202042096900FD5602 /* RidersRedux.xcdatamodeld in Sources */ = {isa = PBXBuildFile; fileRef = 85F0C81E2042096900FD5602 /* RidersRedux.xcdatamodeld */; };
		85F0C8222042096900FD5602 /* Assets.xcassets in Resources */ = {isa = PBXBuildFile; fileRef = 85F0C8212042096900FD5602 /* Assets.xcassets */; };
		85F0C8252042096900FD5602 /* LaunchScreen.storyboard in Resources */ = {isa = PBXBuildFile; fileRef = 85F0C8232042096900FD5602 /* LaunchScreen.storyboard */; };
		85F0C8302042096A00FD5602 /* RidersReduxTests.swift in Sources */ = {isa = PBXBuildFile; fileRef = 85F0C82F2042096A00FD5602 /* RidersReduxTests.swift */; };
		85F0C83D20420C1700FD5602 /* TeamsViewController.swift in Sources */ = {isa = PBXBuildFile; fileRef = 85F0C83C20420C1700FD5602 /* TeamsViewController.swift */; };
		85F0C8402042100600FD5602 /* State.swift in Sources */ = {isa = PBXBuildFile; fileRef = 85F0C83F2042100600FD5602 /* State.swift */; };
		85F0C8432042E06500FD5602 /* Team.swift in Sources */ = {isa = PBXBuildFile; fileRef = 85F0C8422042E06500FD5602 /* Team.swift */; };
		85F0C8452042E0A800FD5602 /* TeamListState.swift in Sources */ = {isa = PBXBuildFile; fileRef = 85F0C8442042E0A800FD5602 /* TeamListState.swift */; };
		85F0C8482042E2D000FD5602 /* Action.swift in Sources */ = {isa = PBXBuildFile; fileRef = 85F0C8472042E2D000FD5602 /* Action.swift */; };
		85F0C84A2042E2E300FD5602 /* TeamListAction.swift in Sources */ = {isa = PBXBuildFile; fileRef = 85F0C8492042E2E300FD5602 /* TeamListAction.swift */; };
		85F0C84E2042E36C00FD5602 /* TeamsResponse.swift in Sources */ = {isa = PBXBuildFile; fileRef = 85F0C84D2042E36C00FD5602 /* TeamsResponse.swift */; };
		85F0C8512042E64000FD5602 /* Store.swift in Sources */ = {isa = PBXBuildFile; fileRef = 85F0C8502042E64000FD5602 /* Store.swift */; };
		85F0C8532042EED700FD5602 /* NetworkService.swift in Sources */ = {isa = PBXBuildFile; fileRef = 85F0C8522042EED700FD5602 /* NetworkService.swift */; };
		85F0C856204338A800FD5602 /* RidersOfTeamViewController.swift in Sources */ = {isa = PBXBuildFile; fileRef = 85F0C855204338A800FD5602 /* RidersOfTeamViewController.swift */; };
		85F0C85820433CEA00FD5602 /* RidersOfTeamState.swift in Sources */ = {isa = PBXBuildFile; fileRef = 85F0C85720433CEA00FD5602 /* RidersOfTeamState.swift */; };
		85F0C85A20433D4A00FD5602 /* Rider.swift in Sources */ = {isa = PBXBuildFile; fileRef = 85F0C85920433D4A00FD5602 /* Rider.swift */; };
		85F0C85C20433D9A00FD5602 /* RidersOfTeamAction.swift in Sources */ = {isa = PBXBuildFile; fileRef = 85F0C85B20433D9A00FD5602 /* RidersOfTeamAction.swift */; };
/* End PBXBuildFile section */

/* Begin PBXContainerItemProxy section */
		85F0C82C2042096A00FD5602 /* PBXContainerItemProxy */ = {
			isa = PBXContainerItemProxy;
			containerPortal = 85F0C80C2042096900FD5602 /* Project object */;
			proxyType = 1;
			remoteGlobalIDString = 85F0C8132042096900FD5602;
			remoteInfo = RidersRedux;
		};
/* End PBXContainerItemProxy section */

/* Begin PBXFileReference section */
		85F0C8142042096900FD5602 /* RidersRedux.app */ = {isa = PBXFileReference; explicitFileType = wrapper.application; includeInIndex = 0; path = RidersRedux.app; sourceTree = BUILT_PRODUCTS_DIR; };
		85F0C8172042096900FD5602 /* AppDelegate.swift */ = {isa = PBXFileReference; lastKnownFileType = sourcecode.swift; path = AppDelegate.swift; sourceTree = "<group>"; };
		85F0C81C2042096900FD5602 /* Base */ = {isa = PBXFileReference; lastKnownFileType = file.storyboard; name = Base; path = Base.lproj/Main.storyboard; sourceTree = "<group>"; };
		85F0C81F2042096900FD5602 /* RidersRedux.xcdatamodel */ = {isa = PBXFileReference; lastKnownFileType = wrapper.xcdatamodel; path = RidersRedux.xcdatamodel; sourceTree = "<group>"; };
		85F0C8212042096900FD5602 /* Assets.xcassets */ = {isa = PBXFileReference; lastKnownFileType = folder.assetcatalog; path = Assets.xcassets; sourceTree = "<group>"; };
		85F0C8242042096900FD5602 /* Base */ = {isa = PBXFileReference; lastKnownFileType = file.storyboard; name = Base; path = Base.lproj/LaunchScreen.storyboard; sourceTree = "<group>"; };
		85F0C8262042096900FD5602 /* Info.plist */ = {isa = PBXFileReference; lastKnownFileType = text.plist.xml; path = Info.plist; sourceTree = "<group>"; };
		85F0C82B2042096A00FD5602 /* RidersReduxTests.xctest */ = {isa = PBXFileReference; explicitFileType = wrapper.cfbundle; includeInIndex = 0; path = RidersReduxTests.xctest; sourceTree = BUILT_PRODUCTS_DIR; };
		85F0C82F2042096A00FD5602 /* RidersReduxTests.swift */ = {isa = PBXFileReference; lastKnownFileType = sourcecode.swift; path = RidersReduxTests.swift; sourceTree = "<group>"; };
		85F0C8312042096A00FD5602 /* Info.plist */ = {isa = PBXFileReference; lastKnownFileType = text.plist.xml; path = Info.plist; sourceTree = "<group>"; };
		85F0C83C20420C1700FD5602 /* TeamsViewController.swift */ = {isa = PBXFileReference; lastKnownFileType = sourcecode.swift; path = TeamsViewController.swift; sourceTree = "<group>"; };
		85F0C83F2042100600FD5602 /* State.swift */ = {isa = PBXFileReference; lastKnownFileType = sourcecode.swift; path = State.swift; sourceTree = "<group>"; };
		85F0C8422042E06500FD5602 /* Team.swift */ = {isa = PBXFileReference; lastKnownFileType = sourcecode.swift; path = Team.swift; sourceTree = "<group>"; };
		85F0C8442042E0A800FD5602 /* TeamListState.swift */ = {isa = PBXFileReference; lastKnownFileType = sourcecode.swift; path = TeamListState.swift; sourceTree = "<group>"; };
		85F0C8472042E2D000FD5602 /* Action.swift */ = {isa = PBXFileReference; lastKnownFileType = sourcecode.swift; path = Action.swift; sourceTree = "<group>"; };
		85F0C8492042E2E300FD5602 /* TeamListAction.swift */ = {isa = PBXFileReference; lastKnownFileType = sourcecode.swift; path = TeamListAction.swift; sourceTree = "<group>"; };
		85F0C84D2042E36C00FD5602 /* TeamsResponse.swift */ = {isa = PBXFileReference; lastKnownFileType = sourcecode.swift; path = TeamsResponse.swift; sourceTree = "<group>"; };
		85F0C8502042E64000FD5602 /* Store.swift */ = {isa = PBXFileReference; lastKnownFileType = sourcecode.swift; path = Store.swift; sourceTree = "<group>"; };
		85F0C8522042EED700FD5602 /* NetworkService.swift */ = {isa = PBXFileReference; lastKnownFileType = sourcecode.swift; path = NetworkService.swift; sourceTree = "<group>"; };
		85F0C855204338A800FD5602 /* RidersOfTeamViewController.swift */ = {isa = PBXFileReference; lastKnownFileType = sourcecode.swift; path = RidersOfTeamViewController.swift; sourceTree = "<group>"; };
		85F0C85720433CEA00FD5602 /* RidersOfTeamState.swift */ = {isa = PBXFileReference; lastKnownFileType = sourcecode.swift; path = RidersOfTeamState.swift; sourceTree = "<group>"; };
		85F0C85920433D4A00FD5602 /* Rider.swift */ = {isa = PBXFileReference; lastKnownFileType = sourcecode.swift; path = Rider.swift; sourceTree = "<group>"; };
		85F0C85B20433D9A00FD5602 /* RidersOfTeamAction.swift */ = {isa = PBXFileReference; lastKnownFileType = sourcecode.swift; path = RidersOfTeamAction.swift; sourceTree = "<group>"; };
/* End PBXFileReference section */

/* Begin PBXFrameworksBuildPhase section */
		85F0C8112042096900FD5602 /* Frameworks */ = {
			isa = PBXFrameworksBuildPhase;
			buildActionMask = 2147483647;
			files = (
			);
			runOnlyForDeploymentPostprocessing = 0;
		};
		85F0C8282042096A00FD5602 /* Frameworks */ = {
			isa = PBXFrameworksBuildPhase;
			buildActionMask = 2147483647;
			files = (
			);
			runOnlyForDeploymentPostprocessing = 0;
		};
/* End PBXFrameworksBuildPhase section */

/* Begin PBXGroup section */
		85F0C80B2042096900FD5602 = {
			isa = PBXGroup;
			children = (
				85F0C8162042096900FD5602 /* RidersRedux */,
				85F0C82E2042096A00FD5602 /* RidersReduxTests */,
				85F0C8152042096900FD5602 /* Products */,
			);
			sourceTree = "<group>";
		};
		85F0C8152042096900FD5602 /* Products */ = {
			isa = PBXGroup;
			children = (
				85F0C8142042096900FD5602 /* RidersRedux.app */,
				85F0C82B2042096A00FD5602 /* RidersReduxTests.xctest */,
			);
			name = Products;
			sourceTree = "<group>";
		};
		85F0C8162042096900FD5602 /* RidersRedux */ = {
			isa = PBXGroup;
			children = (
				85F0C84F2042E63700FD5602 /* Store */,
				85F0C84C2042E35800FD5602 /* Network */,
				85F0C83E20420FFB00FD5602 /* State */,
				85F0C8462042E2BA00FD5602 /* Actions */,
				85F0C8412042E04300FD5602 /* Entity */,
				85F0C83A20420BC200FD5602 /* Presentation */,
				85F0C8172042096900FD5602 /* AppDelegate.swift */,
				85F0C81B2042096900FD5602 /* Main.storyboard */,
				85F0C8212042096900FD5602 /* Assets.xcassets */,
				85F0C8232042096900FD5602 /* LaunchScreen.storyboard */,
				85F0C8262042096900FD5602 /* Info.plist */,
				85F0C81E2042096900FD5602 /* RidersRedux.xcdatamodeld */,
			);
			path = RidersRedux;
			sourceTree = "<group>";
		};
		85F0C82E2042096A00FD5602 /* RidersReduxTests */ = {
			isa = PBXGroup;
			children = (
				85F0C82F2042096A00FD5602 /* RidersReduxTests.swift */,
				85F0C8312042096A00FD5602 /* Info.plist */,
			);
			path = RidersReduxTests;
			sourceTree = "<group>";
		};
		85F0C83A20420BC200FD5602 /* Presentation */ = {
			isa = PBXGroup;
			children = (
				85F0C8542043388C00FD5602 /* RidersOfTeam */,
				85F0C83B20420BCD00FD5602 /* Teams */,
			);
			path = Presentation;
			sourceTree = "<group>";
		};
		85F0C83B20420BCD00FD5602 /* Teams */ = {
			isa = PBXGroup;
			children = (
				85F0C83C20420C1700FD5602 /* TeamsViewController.swift */,
			);
			path = Teams;
			sourceTree = "<group>";
		};
		85F0C83E20420FFB00FD5602 /* State */ = {
			isa = PBXGroup;
			children = (
				85F0C83F2042100600FD5602 /* State.swift */,
				85F0C8442042E0A800FD5602 /* TeamListState.swift */,
				85F0C85720433CEA00FD5602 /* RidersOfTeamState.swift */,
			);
			path = State;
			sourceTree = "<group>";
		};
		85F0C8412042E04300FD5602 /* Entity */ = {
			isa = PBXGroup;
			children = (
				85F0C8422042E06500FD5602 /* Team.swift */,
				85F0C85920433D4A00FD5602 /* Rider.swift */,
			);
			path = Entity;
			sourceTree = "<group>";
		};
		85F0C8462042E2BA00FD5602 /* Actions */ = {
			isa = PBXGroup;
			children = (
				85F0C8472042E2D000FD5602 /* Action.swift */,
				85F0C8492042E2E300FD5602 /* TeamListAction.swift */,
				85F0C85B20433D9A00FD5602 /* RidersOfTeamAction.swift */,
			);
			path = Actions;
			sourceTree = "<group>";
		};
		85F0C84B2042E34600FD5602 /* Response */ = {
			isa = PBXGroup;
			children = (
				85F0C84D2042E36C00FD5602 /* TeamsResponse.swift */,
			);
			path = Response;
			sourceTree = "<group>";
		};
		85F0C84C2042E35800FD5602 /* Network */ = {
			isa = PBXGroup;
			children = (
				85F0C84B2042E34600FD5602 /* Response */,
				85F0C8522042EED700FD5602 /* NetworkService.swift */,
			);
			path = Network;
			sourceTree = "<group>";
		};
		85F0C84F2042E63700FD5602 /* Store */ = {
			isa = PBXGroup;
			children = (
				85F0C8502042E64000FD5602 /* Store.swift */,
			);
			path = Store;
			sourceTree = "<group>";
		};
		85F0C8542043388C00FD5602 /* RidersOfTeam */ = {
			isa = PBXGroup;
			children = (
				85F0C855204338A800FD5602 /* RidersOfTeamViewController.swift */,
			);
			path = RidersOfTeam;
			sourceTree = "<group>";
		};
/* End PBXGroup section */

/* Begin PBXNativeTarget section */
		85F0C8132042096900FD5602 /* RidersRedux */ = {
			isa = PBXNativeTarget;
			buildConfigurationList = 85F0C8342042096A00FD5602 /* Build configuration list for PBXNativeTarget "RidersRedux" */;
			buildPhases = (
				85F0C8102042096900FD5602 /* Sources */,
				85F0C8112042096900FD5602 /* Frameworks */,
				85F0C8122042096900FD5602 /* Resources */,
			);
			buildRules = (
			);
			dependencies = (
			);
			name = RidersRedux;
			productName = RidersRedux;
			productReference = 85F0C8142042096900FD5602 /* RidersRedux.app */;
			productType = "com.apple.product-type.application";
		};
		85F0C82A2042096A00FD5602 /* RidersReduxTests */ = {
			isa = PBXNativeTarget;
			buildConfigurationList = 85F0C8372042096A00FD5602 /* Build configuration list for PBXNativeTarget "RidersReduxTests" */;
			buildPhases = (
				85F0C8272042096A00FD5602 /* Sources */,
				85F0C8282042096A00FD5602 /* Frameworks */,
				85F0C8292042096A00FD5602 /* Resources */,
			);
			buildRules = (
			);
			dependencies = (
				85F0C82D2042096A00FD5602 /* PBXTargetDependency */,
			);
			name = RidersReduxTests;
			productName = RidersReduxTests;
			productReference = 85F0C82B2042096A00FD5602 /* RidersReduxTests.xctest */;
			productType = "com.apple.product-type.bundle.unit-test";
		};
/* End PBXNativeTarget section */

/* Begin PBXProject section */
		85F0C80C2042096900FD5602 /* Project object */ = {
			isa = PBXProject;
			attributes = {
				LastSwiftUpdateCheck = 0920;
				LastUpgradeCheck = 0920;
				ORGANIZATIONNAME = "Станислав Калиберов";
				TargetAttributes = {
					85F0C8132042096900FD5602 = {
						CreatedOnToolsVersion = 9.2;
						ProvisioningStyle = Automatic;
					};
					85F0C82A2042096A00FD5602 = {
						CreatedOnToolsVersion = 9.2;
						ProvisioningStyle = Automatic;
						TestTargetID = 85F0C8132042096900FD5602;
					};
				};
			};
			buildConfigurationList = 85F0C80F2042096900FD5602 /* Build configuration list for PBXProject "RidersRedux" */;
			compatibilityVersion = "Xcode 8.0";
			developmentRegion = en;
			hasScannedForEncodings = 0;
			knownRegions = (
				en,
				Base,
			);
			mainGroup = 85F0C80B2042096900FD5602;
			productRefGroup = 85F0C8152042096900FD5602 /* Products */;
			projectDirPath = "";
			projectRoot = "";
			targets = (
				85F0C8132042096900FD5602 /* RidersRedux */,
				85F0C82A2042096A00FD5602 /* RidersReduxTests */,
			);
		};
/* End PBXProject section */

/* Begin PBXResourcesBuildPhase section */
		85F0C8122042096900FD5602 /* Resources */ = {
			isa = PBXResourcesBuildPhase;
			buildActionMask = 2147483647;
			files = (
				85F0C8252042096900FD5602 /* LaunchScreen.storyboard in Resources */,
				85F0C8222042096900FD5602 /* Assets.xcassets in Resources */,
				85F0C81D2042096900FD5602 /* Main.storyboard in Resources */,
			);
			runOnlyForDeploymentPostprocessing = 0;
		};
		85F0C8292042096A00FD5602 /* Resources */ = {
			isa = PBXResourcesBuildPhase;
			buildActionMask = 2147483647;
			files = (
			);
			runOnlyForDeploymentPostprocessing = 0;
		};
/* End PBXResourcesBuildPhase section */

/* Begin PBXSourcesBuildPhase section */
		85F0C8102042096900FD5602 /* Sources */ = {
			isa = PBXSourcesBuildPhase;
			buildActionMask = 2147483647;
			files = (
				85F0C85C20433D9A00FD5602 /* RidersOfTeamAction.swift in Sources */,
				85F0C8532042EED700FD5602 /* NetworkService.swift in Sources */,
				85F0C84A2042E2E300FD5602 /* TeamListAction.swift in Sources */,
				85F0C8202042096900FD5602 /* RidersRedux.xcdatamodeld in Sources */,
				85F0C83D20420C1700FD5602 /* TeamsViewController.swift in Sources */,
				85F0C856204338A800FD5602 /* RidersOfTeamViewController.swift in Sources */,
				85F0C8182042096900FD5602 /* AppDelegate.swift in Sources */,
				85F0C8432042E06500FD5602 /* Team.swift in Sources */,
				85F0C85820433CEA00FD5602 /* RidersOfTeamState.swift in Sources */,
				85F0C85A20433D4A00FD5602 /* Rider.swift in Sources */,
				85F0C8512042E64000FD5602 /* Store.swift in Sources */,
				85F0C8482042E2D000FD5602 /* Action.swift in Sources */,
				85F0C84E2042E36C00FD5602 /* TeamsResponse.swift in Sources */,
				85F0C8452042E0A800FD5602 /* TeamListState.swift in Sources */,
				85F0C8402042100600FD5602 /* State.swift in Sources */,
			);
			runOnlyForDeploymentPostprocessing = 0;
		};
		85F0C8272042096A00FD5602 /* Sources */ = {
			isa = PBXSourcesBuildPhase;
			buildActionMask = 2147483647;
			files = (
				85F0C8302042096A00FD5602 /* RidersReduxTests.swift in Sources */,
			);
			runOnlyForDeploymentPostprocessing = 0;
		};
/* End PBXSourcesBuildPhase section */

/* Begin PBXTargetDependency section */
		85F0C82D2042096A00FD5602 /* PBXTargetDependency */ = {
			isa = PBXTargetDependency;
			target = 85F0C8132042096900FD5602 /* RidersRedux */;
			targetProxy = 85F0C82C2042096A00FD5602 /* PBXContainerItemProxy */;
		};
/* End PBXTargetDependency section */

/* Begin PBXVariantGroup section */
		85F0C81B2042096900FD5602 /* Main.storyboard */ = {
			isa = PBXVariantGroup;
			children = (
				85F0C81C2042096900FD5602 /* Base */,
			);
			name = Main.storyboard;
			sourceTree = "<group>";
		};
		85F0C8232042096900FD5602 /* LaunchScreen.storyboard */ = {
			isa = PBXVariantGroup;
			children = (
				85F0C8242042096900FD5602 /* Base */,
			);
			name = LaunchScreen.storyboard;
			sourceTree = "<group>";
		};
/* End PBXVariantGroup section */

/* Begin XCBuildConfiguration section */
		85F0C8322042096A00FD5602 /* Debug */ = {
			isa = XCBuildConfiguration;
			buildSettings = {
				ALWAYS_SEARCH_USER_PATHS = NO;
				CLANG_ANALYZER_NONNULL = YES;
				CLANG_ANALYZER_NUMBER_OBJECT_CONVERSION = YES_AGGRESSIVE;
				CLANG_CXX_LANGUAGE_STANDARD = "gnu++14";
				CLANG_CXX_LIBRARY = "libc++";
				CLANG_ENABLE_MODULES = YES;
				CLANG_ENABLE_OBJC_ARC = YES;
				CLANG_WARN_BLOCK_CAPTURE_AUTORELEASING = YES;
				CLANG_WARN_BOOL_CONVERSION = YES;
				CLANG_WARN_COMMA = YES;
				CLANG_WARN_CONSTANT_CONVERSION = YES;
				CLANG_WARN_DIRECT_OBJC_ISA_USAGE = YES_ERROR;
				CLANG_WARN_DOCUMENTATION_COMMENTS = YES;
				CLANG_WARN_EMPTY_BODY = YES;
				CLANG_WARN_ENUM_CONVERSION = YES;
				CLANG_WARN_INFINITE_RECURSION = YES;
				CLANG_WARN_INT_CONVERSION = YES;
				CLANG_WARN_NON_LITERAL_NULL_CONVERSION = YES;
				CLANG_WARN_OBJC_LITERAL_CONVERSION = YES;
				CLANG_WARN_OBJC_ROOT_CLASS = YES_ERROR;
				CLANG_WARN_RANGE_LOOP_ANALYSIS = YES;
				CLANG_WARN_STRICT_PROTOTYPES = YES;
				CLANG_WARN_SUSPICIOUS_MOVE = YES;
				CLANG_WARN_UNGUARDED_AVAILABILITY = YES_AGGRESSIVE;
				CLANG_WARN_UNREACHABLE_CODE = YES;
				CLANG_WARN__DUPLICATE_METHOD_MATCH = YES;
				CODE_SIGN_IDENTITY = "iPhone Developer";
				COPY_PHASE_STRIP = NO;
				DEBUG_INFORMATION_FORMAT = dwarf;
				ENABLE_STRICT_OBJC_MSGSEND = YES;
				ENABLE_TESTABILITY = YES;
				GCC_C_LANGUAGE_STANDARD = gnu11;
				GCC_DYNAMIC_NO_PIC = NO;
				GCC_NO_COMMON_BLOCKS = YES;
				GCC_OPTIMIZATION_LEVEL = 0;
				GCC_PREPROCESSOR_DEFINITIONS = (
					"DEBUG=1",
					"$(inherited)",
				);
				GCC_WARN_64_TO_32_BIT_CONVERSION = YES;
				GCC_WARN_ABOUT_RETURN_TYPE = YES_ERROR;
				GCC_WARN_UNDECLARED_SELECTOR = YES;
				GCC_WARN_UNINITIALIZED_AUTOS = YES_AGGRESSIVE;
				GCC_WARN_UNUSED_FUNCTION = YES;
				GCC_WARN_UNUSED_VARIABLE = YES;
				IPHONEOS_DEPLOYMENT_TARGET = 11.2;
				MTL_ENABLE_DEBUG_INFO = YES;
				ONLY_ACTIVE_ARCH = YES;
				SDKROOT = iphoneos;
				SWIFT_ACTIVE_COMPILATION_CONDITIONS = DEBUG;
				SWIFT_OPTIMIZATION_LEVEL = "-Onone";
			};
			name = Debug;
		};
		85F0C8332042096A00FD5602 /* Release */ = {
			isa = XCBuildConfiguration;
			buildSettings = {
				ALWAYS_SEARCH_USER_PATHS = NO;
				CLANG_ANALYZER_NONNULL = YES;
				CLANG_ANALYZER_NUMBER_OBJECT_CONVERSION = YES_AGGRESSIVE;
				CLANG_CXX_LANGUAGE_STANDARD = "gnu++14";
				CLANG_CXX_LIBRARY = "libc++";
				CLANG_ENABLE_MODULES = YES;
				CLANG_ENABLE_OBJC_ARC = YES;
				CLANG_WARN_BLOCK_CAPTURE_AUTORELEASING = YES;
				CLANG_WARN_BOOL_CONVERSION = YES;
				CLANG_WARN_COMMA = YES;
				CLANG_WARN_CONSTANT_CONVERSION = YES;
				CLANG_WARN_DIRECT_OBJC_ISA_USAGE = YES_ERROR;
				CLANG_WARN_DOCUMENTATION_COMMENTS = YES;
				CLANG_WARN_EMPTY_BODY = YES;
				CLANG_WARN_ENUM_CONVERSION = YES;
				CLANG_WARN_INFINITE_RECURSION = YES;
				CLANG_WARN_INT_CONVERSION = YES;
				CLANG_WARN_NON_LITERAL_NULL_CONVERSION = YES;
				CLANG_WARN_OBJC_LITERAL_CONVERSION = YES;
				CLANG_WARN_OBJC_ROOT_CLASS = YES_ERROR;
				CLANG_WARN_RANGE_LOOP_ANALYSIS = YES;
				CLANG_WARN_STRICT_PROTOTYPES = YES;
				CLANG_WARN_SUSPICIOUS_MOVE = YES;
				CLANG_WARN_UNGUARDED_AVAILABILITY = YES_AGGRESSIVE;
				CLANG_WARN_UNREACHABLE_CODE = YES;
				CLANG_WARN__DUPLICATE_METHOD_MATCH = YES;
				CODE_SIGN_IDENTITY = "iPhone Developer";
				COPY_PHASE_STRIP = NO;
				DEBUG_INFORMATION_FORMAT = "dwarf-with-dsym";
				ENABLE_NS_ASSERTIONS = NO;
				ENABLE_STRICT_OBJC_MSGSEND = YES;
				GCC_C_LANGUAGE_STANDARD = gnu11;
				GCC_NO_COMMON_BLOCKS = YES;
				GCC_WARN_64_TO_32_BIT_CONVERSION = YES;
				GCC_WARN_ABOUT_RETURN_TYPE = YES_ERROR;
				GCC_WARN_UNDECLARED_SELECTOR = YES;
				GCC_WARN_UNINITIALIZED_AUTOS = YES_AGGRESSIVE;
				GCC_WARN_UNUSED_FUNCTION = YES;
				GCC_WARN_UNUSED_VARIABLE = YES;
				IPHONEOS_DEPLOYMENT_TARGET = 11.2;
				MTL_ENABLE_DEBUG_INFO = NO;
				SDKROOT = iphoneos;
				SWIFT_OPTIMIZATION_LEVEL = "-Owholemodule";
				VALIDATE_PRODUCT = YES;
			};
			name = Release;
		};
		85F0C8352042096A00FD5602 /* Debug */ = {
			isa = XCBuildConfiguration;
			buildSettings = {
				ASSETCATALOG_COMPILER_APPICON_NAME = AppIcon;
				CODE_SIGN_STYLE = Automatic;
				DEVELOPMENT_TEAM = AMCH2CFUQF;
				INFOPLIST_FILE = RidersRedux/Info.plist;
				LD_RUNPATH_SEARCH_PATHS = "$(inherited) @executable_path/Frameworks";
				PRODUCT_BUNDLE_IDENTIFIER = redux.RidersRedux;
				PRODUCT_NAME = "$(TARGET_NAME)";
				SWIFT_VERSION = 4.0;
				TARGETED_DEVICE_FAMILY = "1,2";
			};
			name = Debug;
		};
		85F0C8362042096A00FD5602 /* Release */ = {
			isa = XCBuildConfiguration;
			buildSettings = {
				ASSETCATALOG_COMPILER_APPICON_NAME = AppIcon;
				CODE_SIGN_STYLE = Automatic;
				DEVELOPMENT_TEAM = AMCH2CFUQF;
				INFOPLIST_FILE = RidersRedux/Info.plist;
				LD_RUNPATH_SEARCH_PATHS = "$(inherited) @executable_path/Frameworks";
				PRODUCT_BUNDLE_IDENTIFIER = redux.RidersRedux;
				PRODUCT_NAME = "$(TARGET_NAME)";
				SWIFT_VERSION = 4.0;
				TARGETED_DEVICE_FAMILY = "1,2";
			};
			name = Release;
		};
		85F0C8382042096A00FD5602 /* Debug */ = {
			isa = XCBuildConfiguration;
			buildSettings = {
				ALWAYS_EMBED_SWIFT_STANDARD_LIBRARIES = YES;
				BUNDLE_LOADER = "$(TEST_HOST)";
				CODE_SIGN_STYLE = Automatic;
				DEVELOPMENT_TEAM = AMCH2CFUQF;
				INFOPLIST_FILE = RidersReduxTests/Info.plist;
				LD_RUNPATH_SEARCH_PATHS = "$(inherited) @executable_path/Frameworks @loader_path/Frameworks";
				PRODUCT_BUNDLE_IDENTIFIER = redux.RidersReduxTests;
				PRODUCT_NAME = "$(TARGET_NAME)";
				SWIFT_VERSION = 4.0;
				TARGETED_DEVICE_FAMILY = "1,2";
				TEST_HOST = "$(BUILT_PRODUCTS_DIR)/RidersRedux.app/RidersRedux";
			};
			name = Debug;
		};
		85F0C8392042096A00FD5602 /* Release */ = {
			isa = XCBuildConfiguration;
			buildSettings = {
				ALWAYS_EMBED_SWIFT_STANDARD_LIBRARIES = YES;
				BUNDLE_LOADER = "$(TEST_HOST)";
				CODE_SIGN_STYLE = Automatic;
				DEVELOPMENT_TEAM = AMCH2CFUQF;
				INFOPLIST_FILE = RidersReduxTests/Info.plist;
				LD_RUNPATH_SEARCH_PATHS = "$(inherited) @executable_path/Frameworks @loader_path/Frameworks";
				PRODUCT_BUNDLE_IDENTIFIER = redux.RidersReduxTests;
				PRODUCT_NAME = "$(TARGET_NAME)";
				SWIFT_VERSION = 4.0;
				TARGETED_DEVICE_FAMILY = "1,2";
				TEST_HOST = "$(BUILT_PRODUCTS_DIR)/RidersRedux.app/RidersRedux";
			};
			name = Release;
		};
/* End XCBuildConfiguration section */

/* Begin XCConfigurationList section */
		85F0C80F2042096900FD5602 /* Build configuration list for PBXProject "RidersRedux" */ = {
			isa = XCConfigurationList;
			buildConfigurations = (
				85F0C8322042096A00FD5602 /* Debug */,
				85F0C8332042096A00FD5602 /* Release */,
			);
			defaultConfigurationIsVisible = 0;
			defaultConfigurationName = Release;
		};
		85F0C8342042096A00FD5602 /* Build configuration list for PBXNativeTarget "RidersRedux" */ = {
			isa = XCConfigurationList;
			buildConfigurations = (
				85F0C8352042096A00FD5602 /* Debug */,
				85F0C8362042096A00FD5602 /* Release */,
			);
			defaultConfigurationIsVisible = 0;
			defaultConfigurationName = Release;
		};
		85F0C8372042096A00FD5602 /* Build configuration list for PBXNativeTarget "RidersReduxTests" */ = {
			isa = XCConfigurationList;
			buildConfigurations = (
				85F0C8382042096A00FD5602 /* Debug */,
				85F0C8392042096A00FD5602 /* Release */,
			);
			defaultConfigurationIsVisible = 0;
			defaultConfigurationName = Release;
		};
/* End XCConfigurationList section */

/* Begin XCVersionGroup section */
		85F0C81E2042096900FD5602 /* RidersRedux.xcdatamodeld */ = {
			isa = XCVersionGroup;
			children = (
				85F0C81F2042096900FD5602 /* RidersRedux.xcdatamodel */,
			);
			currentVersion = 85F0C81F2042096900FD5602 /* RidersRedux.xcdatamodel */;
			path = RidersRedux.xcdatamodeld;
			sourceTree = "<group>";
			versionGroupType = wrapper.xcdatamodel;
		};
/* End XCVersionGroup section */
	};
	rootObject = 85F0C80C2042096900FD5602 /* Project object */;
}
